
Microsoft Visual Studio Solution File, Format Version 12.00
# Visual Studio Version 16
VisualStudioVersion = 16.0.29424.173
MinimumVisualStudioVersion = 10.0.40219.1
Project("{FAE04EC0-301F-11D3-BF4B-00C04F79EFBC}") = "as-webforms-webApi-sklep", "as-webforms-webApi-sklep\as-webforms-webApi-sklep.csproj", "{C0B8A88F-29EE-4184-852E-2E6DAFD83003}"
EndProject
Global
	GlobalSection(SolutionConfigurationPlatforms) = preSolution
		Debug|Any CPU = Debug|Any CPU
		Release|Any CPU = Release|Any CPU
	EndGlobalSection
	GlobalSection(ProjectConfigurationPlatforms) = postSolution
		{C0B8A88F-29EE-4184-852E-2E6DAFD83003}.Debug|Any CPU.ActiveCfg = Debug|Any CPU
		{C0B8A88F-29EE-4184-852E-2E6DAFD83003}.Debug|Any CPU.Build.0 = Debug|Any CPU
		{C0B8A88F-29EE-4184-852E-2E6DAFD83003}.Release|Any CPU.ActiveCfg = Release|Any CPU
		{C0B8A88F-29EE-4184-852E-2E6DAFD83003}.Release|Any CPU.Build.0 = Release|Any CPU
	EndGlobalSection
	GlobalSection(SolutionProperties) = preSolution
		HideSolutionNode = FALSE
	EndGlobalSection
	GlobalSection(ExtensibilityGlobals) = postSolution
		SolutionGuid = {CEDB6540-C467-4B30-BB22-0274235449E5}
	EndGlobalSection
EndGlobal
